
Microsoft Visual Studio Solution File, Format Version 12.00
# Visual Studio Version 16
VisualStudioVersion = 16.0.34114.132
MinimumVisualStudioVersion = 10.0.40219.1
Project("{8BC9CEB8-8B4A-11D0-8D11-00A0C91BC942}") = "WinDivertUser", "DivertUser\WinDivertUser.vcxproj", "{0786815E-5EFF-4EBA-875E-F6D61A9B1A1A}"
EndProject
Project("{8BC9CEB8-8B4A-11D0-8D11-00A0C91BC942}") = "WinDivertKernel", "DivertKernel\windivert_kernel.vcxproj", "{2E76D67A-9C15-4D12-9DFA-9854AED93B10}"
EndProject
Project("{8BC9CEB8-8B4A-11D0-8D11-00A0C91BC942}") = "DivertTest", "DivertTest\DivertTest.vcxproj", "{FDED16D9-E23D-49C5-A77B-2AFB149F0F45}"
EndProject
Global
	GlobalSection(SolutionConfigurationPlatforms) = preSolution
		Debug|x64 = Debug|x64
		Debug|x86 = Debug|x86
		Release|x64 = Release|x64
		Release|x86 = Release|x86
	EndGlobalSection
	GlobalSection(ProjectConfigurationPlatforms) = postSolution
		{0786815E-5EFF-4EBA-875E-F6D61A9B1A1A}.Debug|x64.ActiveCfg = Debug|x64
		{0786815E-5EFF-4EBA-875E-F6D61A9B1A1A}.Debug|x64.Build.0 = Debug|x64
		{0786815E-5EFF-4EBA-875E-F6D61A9B1A1A}.Debug|x86.ActiveCfg = Debug|Win32
		{0786815E-5EFF-4EBA-875E-F6D61A9B1A1A}.Debug|x86.Build.0 = Debug|Win32
		{0786815E-5EFF-4EBA-875E-F6D61A9B1A1A}.Release|x64.ActiveCfg = Release|x64
		{0786815E-5EFF-4EBA-875E-F6D61A9B1A1A}.Release|x64.Build.0 = Release|x64
		{0786815E-5EFF-4EBA-875E-F6D61A9B1A1A}.Release|x86.ActiveCfg = Release|Win32
		{0786815E-5EFF-4EBA-875E-F6D61A9B1A1A}.Release|x86.Build.0 = Release|Win32
		{2E76D67A-9C15-4D12-9DFA-9854AED93B10}.Debug|x64.ActiveCfg = Release|x64
		{2E76D67A-9C15-4D12-9DFA-9854AED93B10}.Debug|x64.Build.0 = Release|x64
		{2E76D67A-9C15-4D12-9DFA-9854AED93B10}.Debug|x64.Deploy.0 = Release|x64
		{2E76D67A-9C15-4D12-9DFA-9854AED93B10}.Debug|x86.ActiveCfg = Release|Win32
		{2E76D67A-9C15-4D12-9DFA-9854AED93B10}.Debug|x86.Build.0 = Release|Win32
		{2E76D67A-9C15-4D12-9DFA-9854AED93B10}.Debug|x86.Deploy.0 = Release|Win32
		{2E76D67A-9C15-4D12-9DFA-9854AED93B10}.Release|x64.ActiveCfg = Release|x64
		{2E76D67A-9C15-4D12-9DFA-9854AED93B10}.Release|x64.Build.0 = Release|x64
		{2E76D67A-9C15-4D12-9DFA-9854AED93B10}.Release|x64.Deploy.0 = Release|x64
		{2E76D67A-9C15-4D12-9DFA-9854AED93B10}.Release|x86.ActiveCfg = Release|Win32
		{2E76D67A-9C15-4D12-9DFA-9854AED93B10}.Release|x86.Build.0 = Release|Win32
		{2E76D67A-9C15-4D12-9DFA-9854AED93B10}.Release|x86.Deploy.0 = Release|Win32
		{FDED16D9-E23D-49C5-A77B-2AFB149F0F45}.Debug|x64.ActiveCfg = Debug|x64
		{FDED16D9-E23D-49C5-A77B-2AFB149F0F45}.Debug|x64.Build.0 = Debug|x64
		{FDED16D9-E23D-49C5-A77B-2AFB149F0F45}.Debug|x86.ActiveCfg = Debug|Win32
		{FDED16D9-E23D-49C5-A77B-2AFB149F0F45}.Debug|x86.Build.0 = Debug|Win32
		{FDED16D9-E23D-49C5-A77B-2AFB149F0F45}.Release|x64.ActiveCfg = Release|x64
		{FDED16D9-E23D-49C5-A77B-2AFB149F0F45}.Release|x64.Build.0 = Release|x64
		{FDED16D9-E23D-49C5-A77B-2AFB149F0F45}.Release|x86.ActiveCfg = Release|Win32
		{FDED16D9-E23D-49C5-A77B-2AFB149F0F45}.Release|x86.Build.0 = Release|Win32
	EndGlobalSection
	GlobalSection(SolutionProperties) = preSolution
		HideSolutionNode = FALSE
	EndGlobalSection
	GlobalSection(ExtensibilityGlobals) = postSolution
		SolutionGuid = {76FC5CED-7EDF-480E-8A5A-02E997056AA8}
	EndGlobalSection
EndGlobal
